
Microsoft Visual Studio Solution File, Format Version 12.00
# Visual Studio 15
VisualStudioVersion = 15.0.28010.2036
MinimumVisualStudioVersion = 10.0.40219.1
Project("{8BC9CEB8-8B4A-11D0-8D11-00A0C91BC942}") = "cppTutorials", "cppTutorials\cppTutorials.vcxproj", "{F4DF5D6A-F879-4EB5-AAE8-C3978919C911}"
EndProject
Global
	GlobalSection(SolutionConfigurationPlatforms) = preSolution
		Debug|x64 = Debug|x64
		Debug|x86 = Debug|x86
		Release|x64 = Release|x64
		Release|x86 = Release|x86
	EndGlobalSection
	GlobalSection(ProjectConfigurationPlatforms) = postSolution
		{F4DF5D6A-F879-4EB5-AAE8-C3978919C911}.Debug|x64.ActiveCfg = Debug|x64
		{F4DF5D6A-F879-4EB5-AAE8-C3978919C911}.Debug|x64.Build.0 = Debug|x64
		{F4DF5D6A-F879-4EB5-AAE8-C3978919C911}.Debug|x86.ActiveCfg = Debug|Win32
		{F4DF5D6A-F879-4EB5-AAE8-C3978919C911}.Debug|x86.Build.0 = Debug|Win32
		{F4DF5D6A-F879-4EB5-AAE8-C3978919C911}.Release|x64.ActiveCfg = Release|x64
		{F4DF5D6A-F879-4EB5-AAE8-C3978919C911}.Release|x64.Build.0 = Release|x64
		{F4DF5D6A-F879-4EB5-AAE8-C3978919C911}.Release|x86.ActiveCfg = Release|Win32
		{F4DF5D6A-F879-4EB5-AAE8-C3978919C911}.Release|x86.Build.0 = Release|Win32
	EndGlobalSection
	GlobalSection(SolutionProperties) = preSolution
		HideSolutionNode = FALSE
	EndGlobalSection
	GlobalSection(ExtensibilityGlobals) = postSolution
		SolutionGuid = {5DED53A3-1FD4-496B-AD6E-D08B0936A24A}
	EndGlobalSection
EndGlobal
